
Microsoft Visual Studio Solution File, Format Version 12.00
# Visual Studio 15
Project("{2150E333-8FDC-42A3-9474-1A3956D46DE8}") = "Solution Items", "Solution Items", "{C677415A-B83D-4893-B481-BA2548F2F511}"
	ProjectSection(SolutionItems) = preProject
		LICENSE = LICENSE
	EndProjectSection
EndProject
Project("{E53339B2-1760-4266-BCC7-CA923CBCF16C}") = "docker-compose", "docker-compose.dcproj", "{6489533C-C074-4E29-8867-A13A019CFAF0}"
EndProject
Project("{2150E333-8FDC-42A3-9474-1A3956D46DE8}") = "src", "src", "{B0FB26CF-BD95-4A37-9105-7AD4E6CB69CF}"
EndProject
Project("{2150E333-8FDC-42A3-9474-1A3956D46DE8}") = "Services", "Services", "{7466E150-5B5F-4E08-82D6-3C75BED8D9E0}"
EndProject
Project("{2150E333-8FDC-42A3-9474-1A3956D46DE8}") = "Pages", "Pages", "{E2E0B5BE-C3C9-4E9E-96FA-37FD2501B4B8}"
EndProject
Project("{2150E333-8FDC-42A3-9474-1A3956D46DE8}") = "tests", "tests", "{C909DC3B-8716-448D-AF95-DC0057B03397}"
EndProject
Project("{FAE04EC0-301F-11D3-BF4B-00C04F79EFBC}") = "Pages.API", "src\Services\Pages\Pages.API\Pages.API.csproj", "{0FC69633-E8E8-4800-9B53-B06DF6644EB3}"
EndProject
Project("{2150E333-8FDC-42A3-9474-1A3956D46DE8}") = "Web Apps", "Web Apps", "{A8DBB3C7-1C24-4A13-9312-B41672AC04F8}"
EndProject
Project("{FAE04EC0-301F-11D3-BF4B-00C04F79EFBC}") = "WebStatus", "src\Web\WebStatus\WebStatus.csproj", "{80C53CD6-6B53-4D19-B78F-351A815E8780}"
EndProject
Project("{2150E333-8FDC-42A3-9474-1A3956D46DE8}") = "Identity", "Identity", "{56C9616B-E5BC-4B64-B389-A9CC2B1605C3}"
EndProject
Project("{2150E333-8FDC-42A3-9474-1A3956D46DE8}") = "BuildingBlocks", "BuildingBlocks", "{D5DE5A20-B924-4695-B0EF-56C438C5B2DB}"
EndProject
Project("{2150E333-8FDC-42A3-9474-1A3956D46DE8}") = "WebHost", "WebHost", "{0633C89E-7D8E-4048-8B1B-44DE9F22FA51}"
EndProject
Project("{FAE04EC0-301F-11D3-BF4B-00C04F79EFBC}") = "WebHost.Customization", "src\BuildingBlocks\WebHost\WebHost.Customization\WebHost.Customization.csproj", "{F01E6589-1AA0-430D-9318-B446217C1D7C}"
EndProject
Project("{FAE04EC0-301F-11D3-BF4B-00C04F79EFBC}") = "Identity.API", "src\Services\Identity\Identity.API\Identity.API.csproj", "{0040993E-E277-4A24-928A-E2C6A3313434}"
EndProject
Global
	GlobalSection(SolutionConfigurationPlatforms) = preSolution
		Debug|Any CPU = Debug|Any CPU
		Release|Any CPU = Release|Any CPU
	EndGlobalSection
	GlobalSection(ProjectConfigurationPlatforms) = postSolution
		{6489533C-C074-4E29-8867-A13A019CFAF0}.Debug|Any CPU.ActiveCfg = Debug|Any CPU
		{6489533C-C074-4E29-8867-A13A019CFAF0}.Debug|Any CPU.Build.0 = Debug|Any CPU
		{6489533C-C074-4E29-8867-A13A019CFAF0}.Release|Any CPU.ActiveCfg = Release|Any CPU
		{6489533C-C074-4E29-8867-A13A019CFAF0}.Release|Any CPU.Build.0 = Release|Any CPU
		{0FC69633-E8E8-4800-9B53-B06DF6644EB3}.Debug|Any CPU.ActiveCfg = Debug|Any CPU
		{0FC69633-E8E8-4800-9B53-B06DF6644EB3}.Debug|Any CPU.Build.0 = Debug|Any CPU
		{0FC69633-E8E8-4800-9B53-B06DF6644EB3}.Release|Any CPU.ActiveCfg = Release|Any CPU
		{0FC69633-E8E8-4800-9B53-B06DF6644EB3}.Release|Any CPU.Build.0 = Release|Any CPU
		{80C53CD6-6B53-4D19-B78F-351A815E8780}.Debug|Any CPU.ActiveCfg = Debug|Any CPU
		{80C53CD6-6B53-4D19-B78F-351A815E8780}.Debug|Any CPU.Build.0 = Debug|Any CPU
		{80C53CD6-6B53-4D19-B78F-351A815E8780}.Release|Any CPU.ActiveCfg = Release|Any CPU
		{80C53CD6-6B53-4D19-B78F-351A815E8780}.Release|Any CPU.Build.0 = Release|Any CPU
		{F01E6589-1AA0-430D-9318-B446217C1D7C}.Debug|Any CPU.ActiveCfg = Debug|Any CPU
		{F01E6589-1AA0-430D-9318-B446217C1D7C}.Debug|Any CPU.Build.0 = Debug|Any CPU
		{F01E6589-1AA0-430D-9318-B446217C1D7C}.Release|Any CPU.ActiveCfg = Release|Any CPU
		{F01E6589-1AA0-430D-9318-B446217C1D7C}.Release|Any CPU.Build.0 = Release|Any CPU
		{0040993E-E277-4A24-928A-E2C6A3313434}.Debug|Any CPU.ActiveCfg = Debug|Any CPU
		{0040993E-E277-4A24-928A-E2C6A3313434}.Debug|Any CPU.Build.0 = Debug|Any CPU
		{0040993E-E277-4A24-928A-E2C6A3313434}.Release|Any CPU.ActiveCfg = Release|Any CPU
		{0040993E-E277-4A24-928A-E2C6A3313434}.Release|Any CPU.Build.0 = Release|Any CPU
	EndGlobalSection
	GlobalSection(NestedProjects) = preSolution
		{7466E150-5B5F-4E08-82D6-3C75BED8D9E0} = {B0FB26CF-BD95-4A37-9105-7AD4E6CB69CF}
		{E2E0B5BE-C3C9-4E9E-96FA-37FD2501B4B8} = {7466E150-5B5F-4E08-82D6-3C75BED8D9E0}
		{C909DC3B-8716-448D-AF95-DC0057B03397} = {E2E0B5BE-C3C9-4E9E-96FA-37FD2501B4B8}
		{0FC69633-E8E8-4800-9B53-B06DF6644EB3} = {E2E0B5BE-C3C9-4E9E-96FA-37FD2501B4B8}
		{A8DBB3C7-1C24-4A13-9312-B41672AC04F8} = {B0FB26CF-BD95-4A37-9105-7AD4E6CB69CF}
		{80C53CD6-6B53-4D19-B78F-351A815E8780} = {A8DBB3C7-1C24-4A13-9312-B41672AC04F8}
		{56C9616B-E5BC-4B64-B389-A9CC2B1605C3} = {7466E150-5B5F-4E08-82D6-3C75BED8D9E0}
		{D5DE5A20-B924-4695-B0EF-56C438C5B2DB} = {B0FB26CF-BD95-4A37-9105-7AD4E6CB69CF}
		{0633C89E-7D8E-4048-8B1B-44DE9F22FA51} = {D5DE5A20-B924-4695-B0EF-56C438C5B2DB}
		{F01E6589-1AA0-430D-9318-B446217C1D7C} = {0633C89E-7D8E-4048-8B1B-44DE9F22FA51}
		{0040993E-E277-4A24-928A-E2C6A3313434} = {56C9616B-E5BC-4B64-B389-A9CC2B1605C3}
	EndGlobalSection
EndGlobal
