
Microsoft Visual Studio Solution File, Format Version 12.00
# Visual Studio 15
Project("{FAE04EC0-301F-11D3-BF4B-00C04F79EFBC}") = "com.X3MCms.Core.MVC", "com.X3MCms.Core.MVC\com.X3MCms.Core.MVC.csproj", "{974D1C40-47DB-49C6-972F-F70659640AC4}"
EndProject
Project("{2150E333-8FDC-42A3-9474-1A3956D46DE8}") = "Solution Items", "Solution Items", "{C677415A-B83D-4893-B481-BA2548F2F511}"
	ProjectSection(SolutionItems) = preProject
		LICENSE = LICENSE
	EndProjectSection
EndProject
Global
	GlobalSection(SolutionConfigurationPlatforms) = preSolution
		Debug|Any CPU = Debug|Any CPU
		Release|Any CPU = Release|Any CPU
	EndGlobalSection
	GlobalSection(ProjectConfigurationPlatforms) = postSolution
		{974D1C40-47DB-49C6-972F-F70659640AC4}.Debug|Any CPU.ActiveCfg = Debug|Any CPU
		{974D1C40-47DB-49C6-972F-F70659640AC4}.Debug|Any CPU.Build.0 = Debug|Any CPU
		{974D1C40-47DB-49C6-972F-F70659640AC4}.Release|Any CPU.ActiveCfg = Release|Any CPU
		{974D1C40-47DB-49C6-972F-F70659640AC4}.Release|Any CPU.Build.0 = Release|Any CPU
	EndGlobalSection
EndGlobal
